// !$*UTF8*$!
{
	archiveVersion = 1;
	classes = {
	};
	objectVersion = 46;
	objects = {

/* Begin PBXBuildFile section */
		CF0F49212022DB5F0016BF9F /* CoreDataStack.swift in Sources */ = {isa = PBXBuildFile; fileRef = CF0F49202022DB5F0016BF9F /* CoreDataStack.swift */; };
		CF0F49262022DC530016BF9F /* Friend+CoreDataClass.swift in Sources */ = {isa = PBXBuildFile; fileRef = CF0F49222022DC530016BF9F /* Friend+CoreDataClass.swift */; };
		CF0F49272022DC530016BF9F /* Friend+CoreDataProperties.swift in Sources */ = {isa = PBXBuildFile; fileRef = CF0F49232022DC530016BF9F /* Friend+CoreDataProperties.swift */; };
		CF5891F820A4235C00270591 /* Message+CoreDataClass.swift in Sources */ = {isa = PBXBuildFile; fileRef = CF5891F620A4235C00270591 /* Message+CoreDataClass.swift */; };
		CF5891F920A4235C00270591 /* Message+CoreDataProperties.swift in Sources */ = {isa = PBXBuildFile; fileRef = CF5891F720A4235C00270591 /* Message+CoreDataProperties.swift */; };
		CFA89FC320A135EC0046BF54 /* CustomTabBarController.swift in Sources */ = {isa = PBXBuildFile; fileRef = CFA89FC220A135EC0046BF54 /* CustomTabBarController.swift */; };
		CFACB32B20223C6600C1E3DF /* AppDelegate.swift in Sources */ = {isa = PBXBuildFile; fileRef = CFACB32A20223C6600C1E3DF /* AppDelegate.swift */; };
		CFACB32D20223C6600C1E3DF /* FriendsViewController.swift in Sources */ = {isa = PBXBuildFile; fileRef = CFACB32C20223C6600C1E3DF /* FriendsViewController.swift */; };
		CFACB33220223C6600C1E3DF /* Assets.xcassets in Resources */ = {isa = PBXBuildFile; fileRef = CFACB33120223C6600C1E3DF /* Assets.xcassets */; };
		CFACB33520223C6600C1E3DF /* LaunchScreen.storyboard in Resources */ = {isa = PBXBuildFile; fileRef = CFACB33320223C6600C1E3DF /* LaunchScreen.storyboard */; };
		CFACB33F2022A18B00C1E3DF /* FriendsViewControllerHelper.swift in Sources */ = {isa = PBXBuildFile; fileRef = CFACB33E2022A18B00C1E3DF /* FriendsViewControllerHelper.swift */; };
		CFACB3422022B99900C1E3DF /* FBMessenger.xcdatamodeld in Sources */ = {isa = PBXBuildFile; fileRef = CFACB3402022B99900C1E3DF /* FBMessenger.xcdatamodeld */; };
		CFC401BE20A1166D00159164 /* ChatLogController.swift in Sources */ = {isa = PBXBuildFile; fileRef = CFC401BD20A1166D00159164 /* ChatLogController.swift */; };
		CFFD3E7520A511F700ED2900 /* MessageCell.swift in Sources */ = {isa = PBXBuildFile; fileRef = CFFD3E7420A511F700ED2900 /* MessageCell.swift */; };
/* End PBXBuildFile section */

/* Begin PBXFileReference section */
		CF0F49202022DB5F0016BF9F /* CoreDataStack.swift */ = {isa = PBXFileReference; fileEncoding = 4; lastKnownFileType = sourcecode.swift; path = CoreDataStack.swift; sourceTree = "<group>"; };
		CF0F49222022DC530016BF9F /* Friend+CoreDataClass.swift */ = {isa = PBXFileReference; fileEncoding = 4; lastKnownFileType = sourcecode.swift; path = "Friend+CoreDataClass.swift"; sourceTree = "<group>"; };
		CF0F49232022DC530016BF9F /* Friend+CoreDataProperties.swift */ = {isa = PBXFileReference; fileEncoding = 4; lastKnownFileType = sourcecode.swift; path = "Friend+CoreDataProperties.swift"; sourceTree = "<group>"; };
		CF5891F620A4235C00270591 /* Message+CoreDataClass.swift */ = {isa = PBXFileReference; lastKnownFileType = sourcecode.swift; path = "Message+CoreDataClass.swift"; sourceTree = "<group>"; };
		CF5891F720A4235C00270591 /* Message+CoreDataProperties.swift */ = {isa = PBXFileReference; lastKnownFileType = sourcecode.swift; path = "Message+CoreDataProperties.swift"; sourceTree = "<group>"; };
		CFA89FC220A135EC0046BF54 /* CustomTabBarController.swift */ = {isa = PBXFileReference; lastKnownFileType = sourcecode.swift; path = CustomTabBarController.swift; sourceTree = "<group>"; };
		CFACB32720223C6600C1E3DF /* FBMessenger.app */ = {isa = PBXFileReference; explicitFileType = wrapper.application; includeInIndex = 0; path = FBMessenger.app; sourceTree = BUILT_PRODUCTS_DIR; };
		CFACB32A20223C6600C1E3DF /* AppDelegate.swift */ = {isa = PBXFileReference; lastKnownFileType = sourcecode.swift; path = AppDelegate.swift; sourceTree = "<group>"; };
		CFACB32C20223C6600C1E3DF /* FriendsViewController.swift */ = {isa = PBXFileReference; lastKnownFileType = sourcecode.swift; path = FriendsViewController.swift; sourceTree = "<group>"; };
		CFACB33120223C6600C1E3DF /* Assets.xcassets */ = {isa = PBXFileReference; lastKnownFileType = folder.assetcatalog; path = Assets.xcassets; sourceTree = "<group>"; };
		CFACB33420223C6600C1E3DF /* Base */ = {isa = PBXFileReference; lastKnownFileType = file.storyboard; name = Base; path = Base.lproj/LaunchScreen.storyboard; sourceTree = "<group>"; };
		CFACB33620223C6600C1E3DF /* Info.plist */ = {isa = PBXFileReference; lastKnownFileType = text.plist.xml; path = Info.plist; sourceTree = "<group>"; };
		CFACB33E2022A18B00C1E3DF /* FriendsViewControllerHelper.swift */ = {isa = PBXFileReference; fileEncoding = 4; lastKnownFileType = sourcecode.swift; path = FriendsViewControllerHelper.swift; sourceTree = "<group>"; };
		CFACB3412022B99900C1E3DF /* FBMessenger.xcdatamodel */ = {isa = PBXFileReference; lastKnownFileType = wrapper.xcdatamodel; path = FBMessenger.xcdatamodel; sourceTree = "<group>"; };
		CFC401BD20A1166D00159164 /* ChatLogController.swift */ = {isa = PBXFileReference; lastKnownFileType = sourcecode.swift; path = ChatLogController.swift; sourceTree = "<group>"; };
		CFFD3E7420A511F700ED2900 /* MessageCell.swift */ = {isa = PBXFileReference; lastKnownFileType = sourcecode.swift; path = MessageCell.swift; sourceTree = "<group>"; };
/* End PBXFileReference section */

/* Begin PBXFrameworksBuildPhase section */
		CFACB32420223C6600C1E3DF /* Frameworks */ = {
			isa = PBXFrameworksBuildPhase;
			buildActionMask = 2147483647;
			files = (
			);
			runOnlyForDeploymentPostprocessing = 0;
		};
/* End PBXFrameworksBuildPhase section */

/* Begin PBXGroup section */
		CFACB31E20223C6600C1E3DF = {
			isa = PBXGroup;
			children = (
				CFACB32920223C6600C1E3DF /* FBMessenger */,
				CFACB32820223C6600C1E3DF /* Products */,
			);
			sourceTree = "<group>";
		};
		CFACB32820223C6600C1E3DF /* Products */ = {
			isa = PBXGroup;
			children = (
				CFACB32720223C6600C1E3DF /* FBMessenger.app */,
			);
			name = Products;
			sourceTree = "<group>";
		};
		CFACB32920223C6600C1E3DF /* FBMessenger */ = {
			isa = PBXGroup;
			children = (
				CFACB32A20223C6600C1E3DF /* AppDelegate.swift */,
				CFC401BF20A134B300159164 /* ViewControllers */,
				CFC401C020A134CA00159164 /* Model */,
				CFC401C120A134E000159164 /* Assets */,
			);
			path = FBMessenger;
			sourceTree = "<group>";
		};
		CFC401BF20A134B300159164 /* ViewControllers */ = {
			isa = PBXGroup;
			children = (
				CFA89FC220A135EC0046BF54 /* CustomTabBarController.swift */,
				CFACB32C20223C6600C1E3DF /* FriendsViewController.swift */,
				CFACB33E2022A18B00C1E3DF /* FriendsViewControllerHelper.swift */,
				CFC401BD20A1166D00159164 /* ChatLogController.swift */,
				CFFD3E7420A511F700ED2900 /* MessageCell.swift */,
			);
			path = ViewControllers;
			sourceTree = "<group>";
		};
		CFC401C020A134CA00159164 /* Model */ = {
			isa = PBXGroup;
			children = (
				CFACB3402022B99900C1E3DF /* FBMessenger.xcdatamodeld */,
				CF0F49202022DB5F0016BF9F /* CoreDataStack.swift */,
				CF0F49222022DC530016BF9F /* Friend+CoreDataClass.swift */,
				CF0F49232022DC530016BF9F /* Friend+CoreDataProperties.swift */,
				CF5891F620A4235C00270591 /* Message+CoreDataClass.swift */,
				CF5891F720A4235C00270591 /* Message+CoreDataProperties.swift */,
			);
			path = Model;
			sourceTree = "<group>";
		};
		CFC401C120A134E000159164 /* Assets */ = {
			isa = PBXGroup;
			children = (
				CFACB33120223C6600C1E3DF /* Assets.xcassets */,
				CFACB33620223C6600C1E3DF /* Info.plist */,
				CFACB33320223C6600C1E3DF /* LaunchScreen.storyboard */,
			);
			path = Assets;
			sourceTree = "<group>";
		};
/* End PBXGroup section */

/* Begin PBXNativeTarget section */
		CFACB32620223C6600C1E3DF /* FBMessenger */ = {
			isa = PBXNativeTarget;
			buildConfigurationList = CFACB33920223C6600C1E3DF /* Build configuration list for PBXNativeTarget "FBMessenger" */;
			buildPhases = (
				CFACB32320223C6600C1E3DF /* Sources */,
				CFACB32420223C6600C1E3DF /* Frameworks */,
				CFACB32520223C6600C1E3DF /* Resources */,
			);
			buildRules = (
			);
			dependencies = (
			);
			name = FBMessenger;
			productName = FBMessenger;
			productReference = CFACB32720223C6600C1E3DF /* FBMessenger.app */;
			productType = "com.apple.product-type.application";
		};
/* End PBXNativeTarget section */

/* Begin PBXProject section */
		CFACB31F20223C6600C1E3DF /* Project object */ = {
			isa = PBXProject;
			attributes = {
				LastSwiftUpdateCheck = 0830;
				LastUpgradeCheck = 0920;
				ORGANIZATIONNAME = YTK;
				TargetAttributes = {
					CFACB32620223C6600C1E3DF = {
						CreatedOnToolsVersion = 8.3.3;
						DevelopmentTeam = TVHJ8VSCRK;
						LastSwiftMigration = 0920;
						ProvisioningStyle = Automatic;
					};
				};
			};
			buildConfigurationList = CFACB32220223C6600C1E3DF /* Build configuration list for PBXProject "FBMessenger" */;
			compatibilityVersion = "Xcode 3.2";
			developmentRegion = English;
			hasScannedForEncodings = 0;
			knownRegions = (
				en,
				Base,
			);
			mainGroup = CFACB31E20223C6600C1E3DF;
			productRefGroup = CFACB32820223C6600C1E3DF /* Products */;
			projectDirPath = "";
			projectRoot = "";
			targets = (
				CFACB32620223C6600C1E3DF /* FBMessenger */,
			);
		};
/* End PBXProject section */

/* Begin PBXResourcesBuildPhase section */
		CFACB32520223C6600C1E3DF /* Resources */ = {
			isa = PBXResourcesBuildPhase;
			buildActionMask = 2147483647;
			files = (
				CFACB33520223C6600C1E3DF /* LaunchScreen.storyboard in Resources */,
				CFACB33220223C6600C1E3DF /* Assets.xcassets in Resources */,
			);
			runOnlyForDeploymentPostprocessing = 0;
		};
/* End PBXResourcesBuildPhase section */

/* Begin PBXSourcesBuildPhase section */
		CFACB32320223C6600C1E3DF /* Sources */ = {
			isa = PBXSourcesBuildPhase;
			buildActionMask = 2147483647;
			files = (
				CFC401BE20A1166D00159164 /* ChatLogController.swift in Sources */,
				CFACB33F2022A18B00C1E3DF /* FriendsViewControllerHelper.swift in Sources */,
				CF0F49262022DC530016BF9F /* Friend+CoreDataClass.swift in Sources */,
				CF5891F820A4235C00270591 /* Message+CoreDataClass.swift in Sources */,
				CF0F49212022DB5F0016BF9F /* CoreDataStack.swift in Sources */,
				CFFD3E7520A511F700ED2900 /* MessageCell.swift in Sources */,
				CFACB3422022B99900C1E3DF /* FBMessenger.xcdatamodeld in Sources */,
				CF5891F920A4235C00270591 /* Message+CoreDataProperties.swift in Sources */,
				CFA89FC320A135EC0046BF54 /* CustomTabBarController.swift in Sources */,
				CFACB32D20223C6600C1E3DF /* FriendsViewController.swift in Sources */,
				CFACB32B20223C6600C1E3DF /* AppDelegate.swift in Sources */,
				CF0F49272022DC530016BF9F /* Friend+CoreDataProperties.swift in Sources */,
			);
			runOnlyForDeploymentPostprocessing = 0;
		};
/* End PBXSourcesBuildPhase section */

/* Begin PBXVariantGroup section */
		CFACB33320223C6600C1E3DF /* LaunchScreen.storyboard */ = {
			isa = PBXVariantGroup;
			children = (
				CFACB33420223C6600C1E3DF /* Base */,
			);
			name = LaunchScreen.storyboard;
			sourceTree = "<group>";
		};
/* End PBXVariantGroup section */

/* Begin XCBuildConfiguration section */
		CFACB33720223C6600C1E3DF /* Debug */ = {
			isa = XCBuildConfiguration;
			buildSettings = {
				ALWAYS_SEARCH_USER_PATHS = NO;
				CLANG_ANALYZER_NONNULL = YES;
				CLANG_ANALYZER_NUMBER_OBJECT_CONVERSION = YES_AGGRESSIVE;
				CLANG_CXX_LANGUAGE_STANDARD = "gnu++0x";
				CLANG_CXX_LIBRARY = "libc++";
				CLANG_ENABLE_MODULES = YES;
				CLANG_ENABLE_OBJC_ARC = YES;
				CLANG_WARN_BLOCK_CAPTURE_AUTORELEASING = YES;
				CLANG_WARN_BOOL_CONVERSION = YES;
				CLANG_WARN_COMMA = YES;
				CLANG_WARN_CONSTANT_CONVERSION = YES;
				CLANG_WARN_DIRECT_OBJC_ISA_USAGE = YES_ERROR;
				CLANG_WARN_DOCUMENTATION_COMMENTS = YES;
				CLANG_WARN_EMPTY_BODY = YES;
				CLANG_WARN_ENUM_CONVERSION = YES;
				CLANG_WARN_INFINITE_RECURSION = YES;
				CLANG_WARN_INT_CONVERSION = YES;
				CLANG_WARN_NON_LITERAL_NULL_CONVERSION = YES;
				CLANG_WARN_OBJC_LITERAL_CONVERSION = YES;
				CLANG_WARN_OBJC_ROOT_CLASS = YES_ERROR;
				CLANG_WARN_RANGE_LOOP_ANALYSIS = YES;
				CLANG_WARN_STRICT_PROTOTYPES = YES;
				CLANG_WARN_SUSPICIOUS_MOVE = YES;
				CLANG_WARN_UNREACHABLE_CODE = YES;
				CLANG_WARN__DUPLICATE_METHOD_MATCH = YES;
				"CODE_SIGN_IDENTITY[sdk=iphoneos*]" = "iPhone Developer";
				COPY_PHASE_STRIP = NO;
				DEBUG_INFORMATION_FORMAT = dwarf;
				ENABLE_STRICT_OBJC_MSGSEND = YES;
				ENABLE_TESTABILITY = YES;
				GCC_C_LANGUAGE_STANDARD = gnu99;
				GCC_DYNAMIC_NO_PIC = NO;
				GCC_NO_COMMON_BLOCKS = YES;
				GCC_OPTIMIZATION_LEVEL = 0;
				GCC_PREPROCESSOR_DEFINITIONS = (
					"DEBUG=1",
					"$(inherited)",
				);
				GCC_WARN_64_TO_32_BIT_CONVERSION = YES;
				GCC_WARN_ABOUT_RETURN_TYPE = YES_ERROR;
				GCC_WARN_UNDECLARED_SELECTOR = YES;
				GCC_WARN_UNINITIALIZED_AUTOS = YES_AGGRESSIVE;
				GCC_WARN_UNUSED_FUNCTION = YES;
				GCC_WARN_UNUSED_VARIABLE = YES;
				IPHONEOS_DEPLOYMENT_TARGET = 10.3;
				MTL_ENABLE_DEBUG_INFO = YES;
				ONLY_ACTIVE_ARCH = YES;
				SDKROOT = iphoneos;
				SWIFT_ACTIVE_COMPILATION_CONDITIONS = DEBUG;
				SWIFT_OPTIMIZATION_LEVEL = "-Onone";
			};
			name = Debug;
		};
		CFACB33820223C6600C1E3DF /* Release */ = {
			isa = XCBuildConfiguration;
			buildSettings = {
				ALWAYS_SEARCH_USER_PATHS = NO;
				CLANG_ANALYZER_NONNULL = YES;
				CLANG_ANALYZER_NUMBER_OBJECT_CONVERSION = YES_AGGRESSIVE;
				CLANG_CXX_LANGUAGE_STANDARD = "gnu++0x";
				CLANG_CXX_LIBRARY = "libc++";
				CLANG_ENABLE_MODULES = YES;
				CLANG_ENABLE_OBJC_ARC = YES;
				CLANG_WARN_BLOCK_CAPTURE_AUTORELEASING = YES;
				CLANG_WARN_BOOL_CONVERSION = YES;
				CLANG_WARN_COMMA = YES;
				CLANG_WARN_CONSTANT_CONVERSION = YES;
				CLANG_WARN_DIRECT_OBJC_ISA_USAGE = YES_ERROR;
				CLANG_WARN_DOCUMENTATION_COMMENTS = YES;
				CLANG_WARN_EMPTY_BODY = YES;
				CLANG_WARN_ENUM_CONVERSION = YES;
				CLANG_WARN_INFINITE_RECURSION = YES;
				CLANG_WARN_INT_CONVERSION = YES;
				CLANG_WARN_NON_LITERAL_NULL_CONVERSION = YES;
				CLANG_WARN_OBJC_LITERAL_CONVERSION = YES;
				CLANG_WARN_OBJC_ROOT_CLASS = YES_ERROR;
				CLANG_WARN_RANGE_LOOP_ANALYSIS = YES;
				CLANG_WARN_STRICT_PROTOTYPES = YES;
				CLANG_WARN_SUSPICIOUS_MOVE = YES;
				CLANG_WARN_UNREACHABLE_CODE = YES;
				CLANG_WARN__DUPLICATE_METHOD_MATCH = YES;
				"CODE_SIGN_IDENTITY[sdk=iphoneos*]" = "iPhone Developer";
				COPY_PHASE_STRIP = NO;
				DEBUG_INFORMATION_FORMAT = "dwarf-with-dsym";
				ENABLE_NS_ASSERTIONS = NO;
				ENABLE_STRICT_OBJC_MSGSEND = YES;
				GCC_C_LANGUAGE_STANDARD = gnu99;
				GCC_NO_COMMON_BLOCKS = YES;
				GCC_WARN_64_TO_32_BIT_CONVERSION = YES;
				GCC_WARN_ABOUT_RETURN_TYPE = YES_ERROR;
				GCC_WARN_UNDECLARED_SELECTOR = YES;
				GCC_WARN_UNINITIALIZED_AUTOS = YES_AGGRESSIVE;
				GCC_WARN_UNUSED_FUNCTION = YES;
				GCC_WARN_UNUSED_VARIABLE = YES;
				IPHONEOS_DEPLOYMENT_TARGET = 10.3;
				MTL_ENABLE_DEBUG_INFO = NO;
				SDKROOT = iphoneos;
				SWIFT_OPTIMIZATION_LEVEL = "-Owholemodule";
				VALIDATE_PRODUCT = YES;
			};
			name = Release;
		};
		CFACB33A20223C6600C1E3DF /* Debug */ = {
			isa = XCBuildConfiguration;
			buildSettings = {
				ASSETCATALOG_COMPILER_APPICON_NAME = AppIcon;
				DEVELOPMENT_TEAM = TVHJ8VSCRK;
				INFOPLIST_FILE = "$(SRCROOT)/FBMessenger/Assets/Info.plist";
				LD_RUNPATH_SEARCH_PATHS = "$(inherited) @executable_path/Frameworks";
				PRODUCT_BUNDLE_IDENTIFIER = com.ytk.FBMessenger;
				PRODUCT_NAME = "$(TARGET_NAME)";
				SWIFT_SWIFT3_OBJC_INFERENCE = On;
				SWIFT_VERSION = 4.0;
			};
			name = Debug;
		};
		CFACB33B20223C6600C1E3DF /* Release */ = {
			isa = XCBuildConfiguration;
			buildSettings = {
				ASSETCATALOG_COMPILER_APPICON_NAME = AppIcon;
				DEVELOPMENT_TEAM = TVHJ8VSCRK;
				INFOPLIST_FILE = "$(SRCROOT)/FBMessenger/Assets/Info.plist";
				LD_RUNPATH_SEARCH_PATHS = "$(inherited) @executable_path/Frameworks";
				PRODUCT_BUNDLE_IDENTIFIER = com.ytk.FBMessenger;
				PRODUCT_NAME = "$(TARGET_NAME)";
				SWIFT_SWIFT3_OBJC_INFERENCE = On;
				SWIFT_VERSION = 4.0;
			};
			name = Release;
		};
/* End XCBuildConfiguration section */

/* Begin XCConfigurationList section */
		CFACB32220223C6600C1E3DF /* Build configuration list for PBXProject "FBMessenger" */ = {
			isa = XCConfigurationList;
			buildConfigurations = (
				CFACB33720223C6600C1E3DF /* Debug */,
				CFACB33820223C6600C1E3DF /* Release */,
			);
			defaultConfigurationIsVisible = 0;
			defaultConfigurationName = Release;
		};
		CFACB33920223C6600C1E3DF /* Build configuration list for PBXNativeTarget "FBMessenger" */ = {
			isa = XCConfigurationList;
			buildConfigurations = (
				CFACB33A20223C6600C1E3DF /* Debug */,
				CFACB33B20223C6600C1E3DF /* Release */,
			);
			defaultConfigurationIsVisible = 0;
			defaultConfigurationName = Release;
		};
/* End XCConfigurationList section */

/* Begin XCVersionGroup section */
		CFACB3402022B99900C1E3DF /* FBMessenger.xcdatamodeld */ = {
			isa = XCVersionGroup;
			children = (
				CFACB3412022B99900C1E3DF /* FBMessenger.xcdatamodel */,
			);
			currentVersion = CFACB3412022B99900C1E3DF /* FBMessenger.xcdatamodel */;
			name = FBMessenger.xcdatamodeld;
			path = FBMessenger/Model/FBMessenger.xcdatamodeld;
			sourceTree = SOURCE_ROOT;
			versionGroupType = wrapper.xcdatamodel;
		};
/* End XCVersionGroup section */
	};
	rootObject = CFACB31F20223C6600C1E3DF /* Project object */;
}
